
Microsoft Visual Studio Solution File, Format Version 12.00
# Visual Studio Version 17
VisualStudioVersion = 17.14.37531.7 d17.14
MinimumVisualStudioVersion = 10.0.40219.1
Project("{FAE04EC0-301F-11D3-BF4B-00C04F79EFBC}") = "Blazor", "Blazor\Blazor.csproj", "{736828AA-9D35-4A41-9428-083CF6B49AB9}"
EndProject
Global
	GlobalSection(SolutionConfigurationPlatforms) = preSolution
		Debug|Any CPU = Debug|Any CPU
		Release|Any CPU = Release|Any CPU
	EndGlobalSection
	GlobalSection(ProjectConfigurationPlatforms) = postSolution
		{736828AA-9D35-4A41-9428-083CF6B49AB9}.Debug|Any CPU.ActiveCfg = Debug|Any CPU
		{736828AA-9D35-4A41-9428-083CF6B49AB9}.Debug|Any CPU.Build.0 = Debug|Any CPU
		{736828AA-9D35-4A41-9428-083CF6B49AB9}.Release|Any CPU.ActiveCfg = Release|Any CPU
		{736828AA-9D35-4A41-9428-083CF6B49AB9}.Release|Any CPU.Build.0 = Release|Any CPU
	EndGlobalSection
	GlobalSection(SolutionProperties) = preSolution
		HideSolutionNode = FALSE
	EndGlobalSection
	GlobalSection(ExtensibilityGlobals) = postSolution
		SolutionGuid = {2EC0CE85-0FD9-4B0E-B200-35431A265F4C}
	EndGlobalSection
EndGlobal
